
Microsoft Visual Studio Solution File, Format Version 12.00
# Visual Studio Version 16
VisualStudioVersion = 16.0.32002.261
MinimumVisualStudioVersion = 10.0.40219.1
Project("{FAE04EC0-301F-11D3-BF4B-00C04F79EFBC}") = "DoDucQuanWADFinal", "DoDucQuanWADFinal\DoDucQuanWADFinal.csproj", "{7C985395-CB18-45CF-A706-CC9D2C795D6C}"
EndProject
Global
	GlobalSection(SolutionConfigurationPlatforms) = preSolution
		Debug|Any CPU = Debug|Any CPU
		Release|Any CPU = Release|Any CPU
	EndGlobalSection
	GlobalSection(ProjectConfigurationPlatforms) = postSolution
		{7C985395-CB18-45CF-A706-CC9D2C795D6C}.Debug|Any CPU.ActiveCfg = Debug|Any CPU
		{7C985395-CB18-45CF-A706-CC9D2C795D6C}.Debug|Any CPU.Build.0 = Debug|Any CPU
		{7C985395-CB18-45CF-A706-CC9D2C795D6C}.Release|Any CPU.ActiveCfg = Release|Any CPU
		{7C985395-CB18-45CF-A706-CC9D2C795D6C}.Release|Any CPU.Build.0 = Release|Any CPU
	EndGlobalSection
	GlobalSection(SolutionProperties) = preSolution
		HideSolutionNode = FALSE
	EndGlobalSection
	GlobalSection(ExtensibilityGlobals) = postSolution
		SolutionGuid = {FED29B26-235D-43C8-9509-862B19D6218A}
	EndGlobalSection
EndGlobal
